
Microsoft Visual Studio Solution File, Format Version 12.00
# Visual Studio Version 17
VisualStudioVersion = 17.14.36930.0 d17.14
MinimumVisualStudioVersion = 10.0.40219.1
Project("{FAE04EC0-301F-11D3-BF4B-00C04F79EFBC}") = "ClientHubPortal", "ClientHubPortal\ClientHubPortal.csproj", "{2179095E-C648-4CF0-A545-CF2C977089B1}"
EndProject
Project("{FAE04EC0-301F-11D3-BF4B-00C04F79EFBC}") = "ClientHubDatabase", "ClientHubDatabase\ClientHubDatabase.csproj", "{736FF270-1F7F-4080-A5F3-2592B7EDA9F2}"
EndProject
Global
	GlobalSection(SolutionConfigurationPlatforms) = preSolution
		Debug|Any CPU = Debug|Any CPU
		Release|Any CPU = Release|Any CPU
	EndGlobalSection
	GlobalSection(ProjectConfigurationPlatforms) = postSolution
		{2179095E-C648-4CF0-A545-CF2C977089B1}.Debug|Any CPU.ActiveCfg = Debug|Any CPU
		{2179095E-C648-4CF0-A545-CF2C977089B1}.Debug|Any CPU.Build.0 = Debug|Any CPU
		{2179095E-C648-4CF0-A545-CF2C977089B1}.Release|Any CPU.ActiveCfg = Release|Any CPU
		{2179095E-C648-4CF0-A545-CF2C977089B1}.Release|Any CPU.Build.0 = Release|Any CPU
		{736FF270-1F7F-4080-A5F3-2592B7EDA9F2}.Debug|Any CPU.ActiveCfg = Debug|Any CPU
		{736FF270-1F7F-4080-A5F3-2592B7EDA9F2}.Debug|Any CPU.Build.0 = Debug|Any CPU
		{736FF270-1F7F-4080-A5F3-2592B7EDA9F2}.Release|Any CPU.ActiveCfg = Release|Any CPU
		{736FF270-1F7F-4080-A5F3-2592B7EDA9F2}.Release|Any CPU.Build.0 = Release|Any CPU
	EndGlobalSection
	GlobalSection(SolutionProperties) = preSolution
		HideSolutionNode = FALSE
	EndGlobalSection
	GlobalSection(ExtensibilityGlobals) = postSolution
		SolutionGuid = {5768EFE1-E093-4D88-A651-0C44E4A0F9B7}
	EndGlobalSection
EndGlobal
